# THIS IS AN AUTOGENERATED FILE. DO NOT EDIT THIS FILE DIRECTLY.
# yarn lockfile v1


cloc@^2.6.0-cloc:
  version "2.6.0-cloc"
  resolved "https://registry.yarnpkg.com/cloc/-/cloc-2.6.0-cloc.tgz#55352ef47b84f6e61102508d2df7822b4f83ab71"
  integrity sha512-fCHPvFN6I7WmC005u99WqLxqWnWhEra0YCppc2k8lpRZrPFIEaHaNxgJ+funlSRIZMSIOqxwpt7pmEKDPFCz2g==
